%{"arc": {:hex, :arc, "0.5.1"},
  "arc_ecto": {:hex, :arc_ecto, "0.3.2"},
  "bbmustache": {:hex, :bbmustache, "1.0.4"},
  "bing_translator": {:hex, :bing_translator, "0.2.7"},
  "calendar": {:hex, :calendar, "0.13.2"},
  "certifi": {:hex, :certifi, "0.4.0"},
  "cf": {:hex, :cf, "0.2.1"},
  "combine": {:hex, :combine, "0.7.0"},
  "con_cache": {:hex, :con_cache, "0.11.0"},
  "conform": {:hex, :conform, "2.0.0"},
  "conform_exrm": {:hex, :conform_exrm, "1.0.0"},
  "connection": {:hex, :connection, "1.0.2"},
  "cowboy": {:hex, :cowboy, "1.0.4"},
  "cowlib": {:hex, :cowlib, "1.0.2"},
  "csvlixir": {:hex, :csvlixir, "1.0.0"},
  "db_connection": {:hex, :db_connection, "0.2.5"},
  "decimal": {:hex, :decimal, "1.1.1"},
  "ecto": {:hex, :ecto, "1.1.5"},
  "erlware_commons": {:hex, :erlware_commons, "0.19.0"},
  "ex_admin": {:git, "https://github.com/smpallen99/ex_admin.git", "d1e7e6a178414aa11585251716385502e4956694", []},
  "ex_aws": {:hex, :ex_aws, "0.4.18"},
  "ex_form": {:git, "https://github.com/smpallen99/ex_form.git", "6d08d449b112f89e48279daeca74b2b42a16fdda", []},
  "ex_queb": {:git, "https://github.com/E-MetroTel/ex_queb.git", "425b68ea04d4819fe068bb740cbf32febcd3109f", []},
  "ex_sitemap_generator": {:git, "https://github.com/ikeikeikeike/some-sitemap.git", "d5974d9f1e2ba5ba1eeef878b16b24fcaaafcb06", []},
  "exactor": {:hex, :exactor, "2.2.0"},
  "exfavicon": {:hex, :exfavicon, "0.3.3"},
  "exjsx": {:hex, :exjsx, "3.2.0"},
  "exkanji": {:hex, :exkanji, "0.2.6"},
  "exrm": {:hex, :exrm, "1.0.3"},
  "exromaji": {:hex, :exromaji, "0.3.0"},
  "factory_girl_elixir": {:hex, :factory_girl_elixir, "0.1.1"},
  "floki": {:hex, :floki, "0.8.0"},
  "fs": {:hex, :fs, "0.9.2"},
  "getopt": {:hex, :getopt, "0.8.2"},
  "gettext": {:hex, :gettext, "0.11.0"},
  "hackney": {:hex, :hackney, "1.6.0"},
  "httpoison": {:hex, :httpoison, "0.8.3"},
  "idna": {:hex, :idna, "1.2.0"},
  "inflex": {:git, "https://github.com/nurugger07/inflex.git", "c82248b43afeb78e86bb7a763b24cda94987ef28", []},
  "jsx": {:hex, :jsx, "2.6.2"},
  "mailgun": {:hex, :mailgun, "0.1.2"},
  "metrics": {:hex, :metrics, "1.0.1"},
  "mimerl": {:hex, :mimerl, "1.0.2"},
  "mochiweb_html": {:hex, :mochiweb_html, "2.13.0"},
  "mogrify": {:hex, :mogrify, "0.2.0"},
  "mongodb": {:hex, :mongodb, "0.1.1"},
  "mongodb_ecto": {:hex, :mongodb_ecto, "0.1.2"},
  "neotoma": {:hex, :neotoma, "1.7.3"},
  "phoenix": {:hex, :phoenix, "1.1.4"},
  "phoenix_ecto": {:hex, :phoenix_ecto, "2.0.1"},
  "phoenix_html": {:hex, :phoenix_html, "2.5.1"},
  "phoenix_html_simplified_helpers": {:hex, :phoenix_html_simplified_helpers, "0.3.3"},
  "phoenix_live_reload": {:hex, :phoenix_live_reload, "1.0.3"},
  "plug": {:hex, :plug, "1.1.3"},
  "poison": {:hex, :poison, "1.5.2"},
  "poolboy": {:hex, :poolboy, "1.5.1"},
  "postgrex": {:hex, :postgrex, "0.11.1"},
  "providers": {:hex, :providers, "1.6.0"},
  "quantum": {:hex, :quantum, "1.7.0"},
  "ranch": {:hex, :ranch, "1.2.1"},
  "relx": {:hex, :relx, "3.18.0"},
  "scrivener": {:hex, :scrivener, "1.1.3"},
  "scrivener_html": {:git, "https://github.com/ikeikeikeike/scrivener_html.git", "1016bf33de5a12f9e39dbcdbd684c586b7c0dd1d", []},
  "simple_format": {:hex, :simple_format, "0.1.0"},
  "sitemap": {:hex, :sitemap, "0.0.1"},
  "ssl_verify_fun": {:hex, :ssl_verify_fun, "1.1.0"},
  "ssl_verify_hostname": {:hex, :ssl_verify_hostname, "1.0.5"},
  "sweet_xml": {:hex, :sweet_xml, "0.6.1"},
  "timex": {:hex, :timex, "2.1.4"},
  "timex_ecto": {:hex, :timex_ecto, "1.0.4"},
  "tirexs": {:hex, :tirexs, "0.7.6"},
  "tzdata": {:hex, :tzdata, "0.5.7"},
  "ua_inspector": {:hex, :ua_inspector, "0.11.0"},
  "xain": {:git, "https://github.com/smpallen99/xain.git", "e3abb0a646f46e2b869c0c117a320b658f05506b", []},
  "xml_builder": {:hex, :xml_builder, "0.0.8"},
  "yamerl": {:git, "https://github.com/yakaz/yamerl.git", "ae810a808817d9482b4628ae3e20d746e3729fe0", []},
  "yaml_elixir": {:hex, :yaml_elixir, "1.0.0"}}
